// !$*UTF8*$!
{
	archiveVersion = 1;
	classes = {
	};
	objectVersion = 46;
	objects = {

/* Begin PBXBuildFile section */
		224341491C4408C100197DE8 /* main.m in Sources */ = {isa = PBXBuildFile; fileRef = 224341481C4408C100197DE8 /* main.m */; };
		2243414C1C4408C100197DE8 /* AppDelegate.m in Sources */ = {isa = PBXBuildFile; fileRef = 2243414B1C4408C100197DE8 /* AppDelegate.m */; };
		2243414F1C4408C100197DE8 /* ContactsViewController.m in Sources */ = {isa = PBXBuildFile; fileRef = 2243414E1C4408C100197DE8 /* ContactsViewController.m */; };
		224341521C4408C100197DE8 /* Main.storyboard in Resources */ = {isa = PBXBuildFile; fileRef = 224341501C4408C100197DE8 /* Main.storyboard */; };
		224341541C4408C100197DE8 /* Assets.xcassets in Resources */ = {isa = PBXBuildFile; fileRef = 224341531C4408C100197DE8 /* Assets.xcassets */; };
		224341571C4408C100197DE8 /* LaunchScreen.storyboard in Resources */ = {isa = PBXBuildFile; fileRef = 224341551C4408C100197DE8 /* LaunchScreen.storyboard */; };
		224341621C4408C100197DE8 /* ContactsTests.m in Sources */ = {isa = PBXBuildFile; fileRef = 224341611C4408C100197DE8 /* ContactsTests.m */; };
		2243416E1C44147C00197DE8 /* Contact.swift in Sources */ = {isa = PBXBuildFile; fileRef = 2243416D1C44147C00197DE8 /* Contact.swift */; };
		224341761C4495C700197DE8 /* NewContactViewController.swift in Sources */ = {isa = PBXBuildFile; fileRef = 224341751C4495C700197DE8 /* NewContactViewController.swift */; };
		224341791C45391700197DE8 /* DefaultImage.m in Sources */ = {isa = PBXBuildFile; fileRef = 224341781C45391700197DE8 /* DefaultImage.m */; };
/* End PBXBuildFile section */

/* Begin PBXContainerItemProxy section */
		2243415E1C4408C100197DE8 /* PBXContainerItemProxy */ = {
			isa = PBXContainerItemProxy;
			containerPortal = 2243413C1C4408C100197DE8 /* Project object */;
			proxyType = 1;
			remoteGlobalIDString = 224341431C4408C100197DE8;
			remoteInfo = Contacts;
		};
/* End PBXContainerItemProxy section */

/* Begin PBXFileReference section */
		224341441C4408C100197DE8 /* Contacts.app */ = {isa = PBXFileReference; explicitFileType = wrapper.application; includeInIndex = 0; path = Contacts.app; sourceTree = BUILT_PRODUCTS_DIR; };
		224341481C4408C100197DE8 /* main.m */ = {isa = PBXFileReference; lastKnownFileType = sourcecode.c.objc; path = main.m; sourceTree = "<group>"; };
		2243414A1C4408C100197DE8 /* AppDelegate.h */ = {isa = PBXFileReference; lastKnownFileType = sourcecode.c.h; path = AppDelegate.h; sourceTree = "<group>"; };
		2243414B1C4408C100197DE8 /* AppDelegate.m */ = {isa = PBXFileReference; lastKnownFileType = sourcecode.c.objc; path = AppDelegate.m; sourceTree = "<group>"; };
		2243414D1C4408C100197DE8 /* ContactsViewController.h */ = {isa = PBXFileReference; lastKnownFileType = sourcecode.c.h; path = ContactsViewController.h; sourceTree = "<group>"; };
		2243414E1C4408C100197DE8 /* ContactsViewController.m */ = {isa = PBXFileReference; lastKnownFileType = sourcecode.c.objc; path = ContactsViewController.m; sourceTree = "<group>"; };
		224341511C4408C100197DE8 /* Base */ = {isa = PBXFileReference; lastKnownFileType = file.storyboard; name = Base; path = Base.lproj/Main.storyboard; sourceTree = "<group>"; };
		224341531C4408C100197DE8 /* Assets.xcassets */ = {isa = PBXFileReference; lastKnownFileType = folder.assetcatalog; path = Assets.xcassets; sourceTree = "<group>"; };
		224341561C4408C100197DE8 /* Base */ = {isa = PBXFileReference; lastKnownFileType = file.storyboard; name = Base; path = Base.lproj/LaunchScreen.storyboard; sourceTree = "<group>"; };
		224341581C4408C100197DE8 /* Info.plist */ = {isa = PBXFileReference; lastKnownFileType = text.plist.xml; path = Info.plist; sourceTree = "<group>"; };
		2243415D1C4408C100197DE8 /* ContactsTests.xctest */ = {isa = PBXFileReference; explicitFileType = wrapper.cfbundle; includeInIndex = 0; path = ContactsTests.xctest; sourceTree = BUILT_PRODUCTS_DIR; };
		224341611C4408C100197DE8 /* ContactsTests.m */ = {isa = PBXFileReference; lastKnownFileType = sourcecode.c.objc; path = ContactsTests.m; sourceTree = "<group>"; };
		224341631C4408C100197DE8 /* Info.plist */ = {isa = PBXFileReference; lastKnownFileType = text.plist.xml; path = Info.plist; sourceTree = "<group>"; };
		2243416C1C44147C00197DE8 /* Contacts-Bridging-Header.h */ = {isa = PBXFileReference; lastKnownFileType = sourcecode.c.h; path = "Contacts-Bridging-Header.h"; sourceTree = "<group>"; };
		2243416D1C44147C00197DE8 /* Contact.swift */ = {isa = PBXFileReference; fileEncoding = 4; lastKnownFileType = sourcecode.swift; path = Contact.swift; sourceTree = "<group>"; };
		224341751C4495C700197DE8 /* NewContactViewController.swift */ = {isa = PBXFileReference; fileEncoding = 4; lastKnownFileType = sourcecode.swift; path = NewContactViewController.swift; sourceTree = "<group>"; };
		224341771C45391700197DE8 /* DefaultImage.h */ = {isa = PBXFileReference; fileEncoding = 4; lastKnownFileType = sourcecode.c.h; path = DefaultImage.h; sourceTree = "<group>"; };
		224341781C45391700197DE8 /* DefaultImage.m */ = {isa = PBXFileReference; fileEncoding = 4; lastKnownFileType = sourcecode.c.objc; path = DefaultImage.m; sourceTree = "<group>"; };
/* End PBXFileReference section */

/* Begin PBXFrameworksBuildPhase section */
		224341411C4408C100197DE8 /* Frameworks */ = {
			isa = PBXFrameworksBuildPhase;
			buildActionMask = 2147483647;
			files = (
			);
			runOnlyForDeploymentPostprocessing = 0;
		};
		2243415A1C4408C100197DE8 /* Frameworks */ = {
			isa = PBXFrameworksBuildPhase;
			buildActionMask = 2147483647;
			files = (
			);
			runOnlyForDeploymentPostprocessing = 0;
		};
/* End PBXFrameworksBuildPhase section */

/* Begin PBXGroup section */
		2243413B1C4408C100197DE8 = {
			isa = PBXGroup;
			children = (
				224341461C4408C100197DE8 /* Contacts */,
				224341601C4408C100197DE8 /* ContactsTests */,
				224341451C4408C100197DE8 /* Products */,
			);
			sourceTree = "<group>";
		};
		224341451C4408C100197DE8 /* Products */ = {
			isa = PBXGroup;
			children = (
				224341441C4408C100197DE8 /* Contacts.app */,
				2243415D1C4408C100197DE8 /* ContactsTests.xctest */,
			);
			name = Products;
			sourceTree = "<group>";
		};
		224341461C4408C100197DE8 /* Contacts */ = {
			isa = PBXGroup;
			children = (
				2243414A1C4408C100197DE8 /* AppDelegate.h */,
				2243414B1C4408C100197DE8 /* AppDelegate.m */,
				2243414D1C4408C100197DE8 /* ContactsViewController.h */,
				2243414E1C4408C100197DE8 /* ContactsViewController.m */,
				224341501C4408C100197DE8 /* Main.storyboard */,
				224341531C4408C100197DE8 /* Assets.xcassets */,
				224341551C4408C100197DE8 /* LaunchScreen.storyboard */,
				224341581C4408C100197DE8 /* Info.plist */,
				224341471C4408C100197DE8 /* Supporting Files */,
				2243416D1C44147C00197DE8 /* Contact.swift */,
				2243416C1C44147C00197DE8 /* Contacts-Bridging-Header.h */,
				224341751C4495C700197DE8 /* NewContactViewController.swift */,
				224341771C45391700197DE8 /* DefaultImage.h */,
				224341781C45391700197DE8 /* DefaultImage.m */,
			);
			path = Contacts;
			sourceTree = "<group>";
		};
		224341471C4408C100197DE8 /* Supporting Files */ = {
			isa = PBXGroup;
			children = (
				224341481C4408C100197DE8 /* main.m */,
			);
			name = "Supporting Files";
			sourceTree = "<group>";
		};
		224341601C4408C100197DE8 /* ContactsTests */ = {
			isa = PBXGroup;
			children = (
				224341611C4408C100197DE8 /* ContactsTests.m */,
				224341631C4408C100197DE8 /* Info.plist */,
			);
			path = ContactsTests;
			sourceTree = "<group>";
		};
/* End PBXGroup section */

/* Begin PBXNativeTarget section */
		224341431C4408C100197DE8 /* Contacts */ = {
			isa = PBXNativeTarget;
			buildConfigurationList = 224341661C4408C100197DE8 /* Build configuration list for PBXNativeTarget "Contacts" */;
			buildPhases = (
				224341401C4408C100197DE8 /* Sources */,
				224341411C4408C100197DE8 /* Frameworks */,
				224341421C4408C100197DE8 /* Resources */,
			);
			buildRules = (
			);
			dependencies = (
			);
			name = Contacts;
			productName = Contacts;
			productReference = 224341441C4408C100197DE8 /* Contacts.app */;
			productType = "com.apple.product-type.application";
		};
		2243415C1C4408C100197DE8 /* ContactsTests */ = {
			isa = PBXNativeTarget;
			buildConfigurationList = 224341691C4408C100197DE8 /* Build configuration list for PBXNativeTarget "ContactsTests" */;
			buildPhases = (
				224341591C4408C100197DE8 /* Sources */,
				2243415A1C4408C100197DE8 /* Frameworks */,
				2243415B1C4408C100197DE8 /* Resources */,
			);
			buildRules = (
			);
			dependencies = (
				2243415F1C4408C100197DE8 /* PBXTargetDependency */,
			);
			name = ContactsTests;
			productName = ContactsTests;
			productReference = 2243415D1C4408C100197DE8 /* ContactsTests.xctest */;
			productType = "com.apple.product-type.bundle.unit-test";
		};
/* End PBXNativeTarget section */

/* Begin PBXProject section */
		2243413C1C4408C100197DE8 /* Project object */ = {
			isa = PBXProject;
			attributes = {
				LastUpgradeCheck = 0720;
				ORGANIZATIONNAME = "Tim Pryor";
				TargetAttributes = {
					224341431C4408C100197DE8 = {
						CreatedOnToolsVersion = 7.2;
					};
					2243415C1C4408C100197DE8 = {
						CreatedOnToolsVersion = 7.2;
						TestTargetID = 224341431C4408C100197DE8;
					};
				};
			};
			buildConfigurationList = 2243413F1C4408C100197DE8 /* Build configuration list for PBXProject "Contacts" */;
			compatibilityVersion = "Xcode 3.2";
			developmentRegion = English;
			hasScannedForEncodings = 0;
			knownRegions = (
				en,
				Base,
			);
			mainGroup = 2243413B1C4408C100197DE8;
			productRefGroup = 224341451C4408C100197DE8 /* Products */;
			projectDirPath = "";
			projectRoot = "";
			targets = (
				224341431C4408C100197DE8 /* Contacts */,
				2243415C1C4408C100197DE8 /* ContactsTests */,
			);
		};
/* End PBXProject section */

/* Begin PBXResourcesBuildPhase section */
		224341421C4408C100197DE8 /* Resources */ = {
			isa = PBXResourcesBuildPhase;
			buildActionMask = 2147483647;
			files = (
				224341571C4408C100197DE8 /* LaunchScreen.storyboard in Resources */,
				224341541C4408C100197DE8 /* Assets.xcassets in Resources */,
				224341521C4408C100197DE8 /* Main.storyboard in Resources */,
			);
			runOnlyForDeploymentPostprocessing = 0;
		};
		2243415B1C4408C100197DE8 /* Resources */ = {
			isa = PBXResourcesBuildPhase;
			buildActionMask = 2147483647;
			files = (
			);
			runOnlyForDeploymentPostprocessing = 0;
		};
/* End PBXResourcesBuildPhase section */

/* Begin PBXSourcesBuildPhase section */
		224341401C4408C100197DE8 /* Sources */ = {
			isa = PBXSourcesBuildPhase;
			buildActionMask = 2147483647;
			files = (
				2243416E1C44147C00197DE8 /* Contact.swift in Sources */,
				224341761C4495C700197DE8 /* NewContactViewController.swift in Sources */,
				224341791C45391700197DE8 /* DefaultImage.m in Sources */,
				2243414F1C4408C100197DE8 /* ContactsViewController.m in Sources */,
				2243414C1C4408C100197DE8 /* AppDelegate.m in Sources */,
				224341491C4408C100197DE8 /* main.m in Sources */,
			);
			runOnlyForDeploymentPostprocessing = 0;
		};
		224341591C4408C100197DE8 /* Sources */ = {
			isa = PBXSourcesBuildPhase;
			buildActionMask = 2147483647;
			files = (
				224341621C4408C100197DE8 /* ContactsTests.m in Sources */,
			);
			runOnlyForDeploymentPostprocessing = 0;
		};
/* End PBXSourcesBuildPhase section */

/* Begin PBXTargetDependency section */
		2243415F1C4408C100197DE8 /* PBXTargetDependency */ = {
			isa = PBXTargetDependency;
			target = 224341431C4408C100197DE8 /* Contacts */;
			targetProxy = 2243415E1C4408C100197DE8 /* PBXContainerItemProxy */;
		};
/* End PBXTargetDependency section */

/* Begin PBXVariantGroup section */
		224341501C4408C100197DE8 /* Main.storyboard */ = {
			isa = PBXVariantGroup;
			children = (
				224341511C4408C100197DE8 /* Base */,
			);
			name = Main.storyboard;
			sourceTree = "<group>";
		};
		224341551C4408C100197DE8 /* LaunchScreen.storyboard */ = {
			isa = PBXVariantGroup;
			children = (
				224341561C4408C100197DE8 /* Base */,
			);
			name = LaunchScreen.storyboard;
			sourceTree = "<group>";
		};
/* End PBXVariantGroup section */

/* Begin XCBuildConfiguration section */
		224341641C4408C100197DE8 /* Debug */ = {
			isa = XCBuildConfiguration;
			buildSettings = {
				ALWAYS_SEARCH_USER_PATHS = NO;
				CLANG_CXX_LANGUAGE_STANDARD = "gnu++0x";
				CLANG_CXX_LIBRARY = "libc++";
				CLANG_ENABLE_MODULES = YES;
				CLANG_ENABLE_OBJC_ARC = YES;
				CLANG_WARN_BOOL_CONVERSION = YES;
				CLANG_WARN_CONSTANT_CONVERSION = YES;
				CLANG_WARN_DIRECT_OBJC_ISA_USAGE = YES_ERROR;
				CLANG_WARN_EMPTY_BODY = YES;
				CLANG_WARN_ENUM_CONVERSION = YES;
				CLANG_WARN_INT_CONVERSION = YES;
				CLANG_WARN_OBJC_ROOT_CLASS = YES_ERROR;
				CLANG_WARN_UNREACHABLE_CODE = YES;
				CLANG_WARN__DUPLICATE_METHOD_MATCH = YES;
				"CODE_SIGN_IDENTITY[sdk=iphoneos*]" = "iPhone Developer";
				COPY_PHASE_STRIP = NO;
				DEBUG_INFORMATION_FORMAT = dwarf;
				ENABLE_STRICT_OBJC_MSGSEND = YES;
				ENABLE_TESTABILITY = YES;
				GCC_C_LANGUAGE_STANDARD = gnu99;
				GCC_DYNAMIC_NO_PIC = NO;
				GCC_NO_COMMON_BLOCKS = YES;
				GCC_OPTIMIZATION_LEVEL = 0;
				GCC_PREPROCESSOR_DEFINITIONS = (
					"DEBUG=1",
					"$(inherited)",
				);
				GCC_WARN_64_TO_32_BIT_CONVERSION = YES;
				GCC_WARN_ABOUT_RETURN_TYPE = YES_ERROR;
				GCC_WARN_UNDECLARED_SELECTOR = YES;
				GCC_WARN_UNINITIALIZED_AUTOS = YES_AGGRESSIVE;
				GCC_WARN_UNUSED_FUNCTION = YES;
				GCC_WARN_UNUSED_VARIABLE = YES;
				IPHONEOS_DEPLOYMENT_TARGET = 9.2;
				MTL_ENABLE_DEBUG_INFO = YES;
				ONLY_ACTIVE_ARCH = YES;
				SDKROOT = iphoneos;
			};
			name = Debug;
		};
		224341651C4408C100197DE8 /* Release */ = {
			isa = XCBuildConfiguration;
			buildSettings = {
				ALWAYS_SEARCH_USER_PATHS = NO;
				CLANG_CXX_LANGUAGE_STANDARD = "gnu++0x";
				CLANG_CXX_LIBRARY = "libc++";
				CLANG_ENABLE_MODULES = YES;
				CLANG_ENABLE_OBJC_ARC = YES;
				CLANG_WARN_BOOL_CONVERSION = YES;
				CLANG_WARN_CONSTANT_CONVERSION = YES;
				CLANG_WARN_DIRECT_OBJC_ISA_USAGE = YES_ERROR;
				CLANG_WARN_EMPTY_BODY = YES;
				CLANG_WARN_ENUM_CONVERSION = YES;
				CLANG_WARN_INT_CONVERSION = YES;
				CLANG_WARN_OBJC_ROOT_CLASS = YES_ERROR;
				CLANG_WARN_UNREACHABLE_CODE = YES;
				CLANG_WARN__DUPLICATE_METHOD_MATCH = YES;
				"CODE_SIGN_IDENTITY[sdk=iphoneos*]" = "iPhone Developer";
				COPY_PHASE_STRIP = NO;
				DEBUG_INFORMATION_FORMAT = "dwarf-with-dsym";
				ENABLE_NS_ASSERTIONS = NO;
				ENABLE_STRICT_OBJC_MSGSEND = YES;
				GCC_C_LANGUAGE_STANDARD = gnu99;
				GCC_NO_COMMON_BLOCKS = YES;
				GCC_WARN_64_TO_32_BIT_CONVERSION = YES;
				GCC_WARN_ABOUT_RETURN_TYPE = YES_ERROR;
				GCC_WARN_UNDECLARED_SELECTOR = YES;
				GCC_WARN_UNINITIALIZED_AUTOS = YES_AGGRESSIVE;
				GCC_WARN_UNUSED_FUNCTION = YES;
				GCC_WARN_UNUSED_VARIABLE = YES;
				IPHONEOS_DEPLOYMENT_TARGET = 9.2;
				MTL_ENABLE_DEBUG_INFO = NO;
				SDKROOT = iphoneos;
				VALIDATE_PRODUCT = YES;
			};
			name = Release;
		};
		224341671C4408C100197DE8 /* Debug */ = {
			isa = XCBuildConfiguration;
			buildSettings = {
				ASSETCATALOG_COMPILER_APPICON_NAME = AppIcon;
				CLANG_ENABLE_MODULES = YES;
				INFOPLIST_FILE = Contacts/Info.plist;
				LD_RUNPATH_SEARCH_PATHS = "$(inherited) @executable_path/Frameworks";
				PRODUCT_BUNDLE_IDENTIFIER = com.example.Contacts;
				PRODUCT_NAME = "$(TARGET_NAME)";
				SWIFT_OBJC_BRIDGING_HEADER = "Contacts/Contacts-Bridging-Header.h";
				SWIFT_OPTIMIZATION_LEVEL = "-Onone";
			};
			name = Debug;
		};
		224341681C4408C100197DE8 /* Release */ = {
			isa = XCBuildConfiguration;
			buildSettings = {
				ASSETCATALOG_COMPILER_APPICON_NAME = AppIcon;
				CLANG_ENABLE_MODULES = YES;
				INFOPLIST_FILE = Contacts/Info.plist;
				LD_RUNPATH_SEARCH_PATHS = "$(inherited) @executable_path/Frameworks";
				PRODUCT_BUNDLE_IDENTIFIER = com.example.Contacts;
				PRODUCT_NAME = "$(TARGET_NAME)";
				SWIFT_OBJC_BRIDGING_HEADER = "Contacts/Contacts-Bridging-Header.h";
			};
			name = Release;
		};
		2243416A1C4408C100197DE8 /* Debug */ = {
			isa = XCBuildConfiguration;
			buildSettings = {
				BUNDLE_LOADER = "$(TEST_HOST)";
				INFOPLIST_FILE = ContactsTests/Info.plist;
				LD_RUNPATH_SEARCH_PATHS = "$(inherited) @executable_path/Frameworks @loader_path/Frameworks";
				PRODUCT_BUNDLE_IDENTIFIER = com.example.ContactsTests;
				PRODUCT_NAME = "$(TARGET_NAME)";
				TEST_HOST = "$(BUILT_PRODUCTS_DIR)/Contacts.app/Contacts";
			};
			name = Debug;
		};
		2243416B1C4408C100197DE8 /* Release */ = {
			isa = XCBuildConfiguration;
			buildSettings = {
				BUNDLE_LOADER = "$(TEST_HOST)";
				INFOPLIST_FILE = ContactsTests/Info.plist;
				LD_RUNPATH_SEARCH_PATHS = "$(inherited) @executable_path/Frameworks @loader_path/Frameworks";
				PRODUCT_BUNDLE_IDENTIFIER = com.example.ContactsTests;
				PRODUCT_NAME = "$(TARGET_NAME)";
				TEST_HOST = "$(BUILT_PRODUCTS_DIR)/Contacts.app/Contacts";
			};
			name = Release;
		};
/* End XCBuildConfiguration section */

/* Begin XCConfigurationList section */
		2243413F1C4408C100197DE8 /* Build configuration list for PBXProject "Contacts" */ = {
			isa = XCConfigurationList;
			buildConfigurations = (
				224341641C4408C100197DE8 /* Debug */,
				224341651C4408C100197DE8 /* Release */,
			);
			defaultConfigurationIsVisible = 0;
			defaultConfigurationName = Release;
		};
		224341661C4408C100197DE8 /* Build configuration list for PBXNativeTarget "Contacts" */ = {
			isa = XCConfigurationList;
			buildConfigurations = (
				224341671C4408C100197DE8 /* Debug */,
				224341681C4408C100197DE8 /* Release */,
			);
			defaultConfigurationIsVisible = 0;
			defaultConfigurationName = Release;
		};
		224341691C4408C100197DE8 /* Build configuration list for PBXNativeTarget "ContactsTests" */ = {
			isa = XCConfigurationList;
			buildConfigurations = (
				2243416A1C4408C100197DE8 /* Debug */,
				2243416B1C4408C100197DE8 /* Release */,
			);
			defaultConfigurationIsVisible = 0;
			defaultConfigurationName = Release;
		};
/* End XCConfigurationList section */
	};
	rootObject = 2243413C1C4408C100197DE8 /* Project object */;
}
